{
	"name": "@wdy-cli-fe/core",
	"version": "1.0.1",
	"lockfileVersion": 1,
	"requires": true,
	"dependencies": {
		"imooc-wdy-lib": {
			"version": "1.1.0",
			"resolved": "https://registry.npmjs.org/imooc-wdy-lib/-/imooc-wdy-lib-1.1.0.tgz",
			"integrity": "sha512-ddRXe6ozk0czL7fIQWGJ8D4K/WfMoa+mqA8BtmrYE/bHl+uATqQUqDcCEBrByRkI35KNXpOAuFBN56cASKzRRQ=="
		}
	}
}
